
Microsoft Visual Studio Solution File, Format Version 12.00
# Visual Studio Version 16
VisualStudioVersion = 16.0.31410.357
MinimumVisualStudioVersion = 10.0.40219.1
Project("{FAE04EC0-301F-11D3-BF4B-00C04F79EFBC}") = "MedicalCarePlanSchedualer", "MedicalCarePlanSchedualer\MedicalCarePlanSchedualer.csproj", "{4679ED9C-2379-4E1A-A9F0-C462E74CE7D2}"
EndProject
Global
	GlobalSection(SolutionConfigurationPlatforms) = preSolution
		Debug|Any CPU = Debug|Any CPU
		Release|Any CPU = Release|Any CPU
	EndGlobalSection
	GlobalSection(ProjectConfigurationPlatforms) = postSolution
		{4679ED9C-2379-4E1A-A9F0-C462E74CE7D2}.Debug|Any CPU.ActiveCfg = Debug|Any CPU
		{4679ED9C-2379-4E1A-A9F0-C462E74CE7D2}.Debug|Any CPU.Build.0 = Debug|Any CPU
		{4679ED9C-2379-4E1A-A9F0-C462E74CE7D2}.Release|Any CPU.ActiveCfg = Release|Any CPU
		{4679ED9C-2379-4E1A-A9F0-C462E74CE7D2}.Release|Any CPU.Build.0 = Release|Any CPU
	EndGlobalSection
	GlobalSection(SolutionProperties) = preSolution
		HideSolutionNode = FALSE
	EndGlobalSection
	GlobalSection(ExtensibilityGlobals) = postSolution
		SolutionGuid = {C75EE3D5-92D0-4ECB-BC51-D226509CFC30}
	EndGlobalSection
EndGlobal
